
Microsoft Visual Studio Solution File, Format Version 12.00
# Visual Studio 15
VisualStudioVersion = 15.0.28010.2046
MinimumVisualStudioVersion = 10.0.40219.1
Project("{FAE04EC0-301F-11D3-BF4B-00C04F79EFBC}") = "Kelompok20.Android", "Kelompok20\Kelompok20.Android\Kelompok20.Android.csproj", "{B17ECB03-C4D9-4494-94B8-F5BCCF091337}"
EndProject
Project("{FAE04EC0-301F-11D3-BF4B-00C04F79EFBC}") = "Kelompok20.iOS", "Kelompok20\Kelompok20.iOS\Kelompok20.iOS.csproj", "{4F68F97F-8217-4964-946D-756A3E158BAA}"
EndProject
Project("{FAE04EC0-301F-11D3-BF4B-00C04F79EFBC}") = "Kelompok20", "Kelompok20\Kelompok20\Kelompok20.csproj", "{001FE695-D1B5-4F58-87A9-6B7EE0BA1B3C}"
EndProject
Global
	GlobalSection(SolutionConfigurationPlatforms) = preSolution
		Ad-Hoc|Any CPU = Ad-Hoc|Any CPU
		Ad-Hoc|iPhone = Ad-Hoc|iPhone
		Ad-Hoc|iPhoneSimulator = Ad-Hoc|iPhoneSimulator
		AppStore|Any CPU = AppStore|Any CPU
		AppStore|iPhone = AppStore|iPhone
		AppStore|iPhoneSimulator = AppStore|iPhoneSimulator
		Debug|Any CPU = Debug|Any CPU
		Debug|iPhone = Debug|iPhone
		Debug|iPhoneSimulator = Debug|iPhoneSimulator
		Release|Any CPU = Release|Any CPU
		Release|iPhone = Release|iPhone
		Release|iPhoneSimulator = Release|iPhoneSimulator
	EndGlobalSection
	GlobalSection(ProjectConfigurationPlatforms) = postSolution
		{B17ECB03-C4D9-4494-94B8-F5BCCF091337}.Ad-Hoc|Any CPU.ActiveCfg = Release|Any CPU
		{B17ECB03-C4D9-4494-94B8-F5BCCF091337}.Ad-Hoc|Any CPU.Build.0 = Release|Any CPU
		{B17ECB03-C4D9-4494-94B8-F5BCCF091337}.Ad-Hoc|Any CPU.Deploy.0 = Release|Any CPU
		{B17ECB03-C4D9-4494-94B8-F5BCCF091337}.Ad-Hoc|iPhone.ActiveCfg = Release|Any CPU
		{B17ECB03-C4D9-4494-94B8-F5BCCF091337}.Ad-Hoc|iPhone.Build.0 = Release|Any CPU
		{B17ECB03-C4D9-4494-94B8-F5BCCF091337}.Ad-Hoc|iPhone.Deploy.0 = Release|Any CPU
		{B17ECB03-C4D9-4494-94B8-F5BCCF091337}.Ad-Hoc|iPhoneSimulator.ActiveCfg = Release|Any CPU
		{B17ECB03-C4D9-4494-94B8-F5BCCF091337}.Ad-Hoc|iPhoneSimulator.Build.0 = Release|Any CPU
		{B17ECB03-C4D9-4494-94B8-F5BCCF091337}.Ad-Hoc|iPhoneSimulator.Deploy.0 = Release|Any CPU
		{B17ECB03-C4D9-4494-94B8-F5BCCF091337}.AppStore|Any CPU.ActiveCfg = Release|Any CPU
		{B17ECB03-C4D9-4494-94B8-F5BCCF091337}.AppStore|Any CPU.Build.0 = Release|Any CPU
		{B17ECB03-C4D9-4494-94B8-F5BCCF091337}.AppStore|Any CPU.Deploy.0 = Release|Any CPU
		{B17ECB03-C4D9-4494-94B8-F5BCCF091337}.AppStore|iPhone.ActiveCfg = Release|Any CPU
		{B17ECB03-C4D9-4494-94B8-F5BCCF091337}.AppStore|iPhone.Build.0 = Release|Any CPU
		{B17ECB03-C4D9-4494-94B8-F5BCCF091337}.AppStore|iPhone.Deploy.0 = Release|Any CPU
		{B17ECB03-C4D9-4494-94B8-F5BCCF091337}.AppStore|iPhoneSimulator.ActiveCfg = Release|Any CPU
		{B17ECB03-C4D9-4494-94B8-F5BCCF091337}.AppStore|iPhoneSimulator.Build.0 = Release|Any CPU
		{B17ECB03-C4D9-4494-94B8-F5BCCF091337}.AppStore|iPhoneSimulator.Deploy.0 = Release|Any CPU
		{B17ECB03-C4D9-4494-94B8-F5BCCF091337}.Debug|Any CPU.ActiveCfg = Debug|Any CPU
		{B17ECB03-C4D9-4494-94B8-F5BCCF091337}.Debug|Any CPU.Build.0 = Debug|Any CPU
		{B17ECB03-C4D9-4494-94B8-F5BCCF091337}.Debug|Any CPU.Deploy.0 = Debug|Any CPU
		{B17ECB03-C4D9-4494-94B8-F5BCCF091337}.Debug|iPhone.ActiveCfg = Debug|Any CPU
		{B17ECB03-C4D9-4494-94B8-F5BCCF091337}.Debug|iPhone.Build.0 = Debug|Any CPU
		{B17ECB03-C4D9-4494-94B8-F5BCCF091337}.Debug|iPhone.Deploy.0 = Debug|Any CPU
		{B17ECB03-C4D9-4494-94B8-F5BCCF091337}.Debug|iPhoneSimulator.ActiveCfg = Debug|Any CPU
		{B17ECB03-C4D9-4494-94B8-F5BCCF091337}.Debug|iPhoneSimulator.Build.0 = Debug|Any CPU
		{B17ECB03-C4D9-4494-94B8-F5BCCF091337}.Debug|iPhoneSimulator.Deploy.0 = Debug|Any CPU
		{B17ECB03-C4D9-4494-94B8-F5BCCF091337}.Release|Any CPU.ActiveCfg = Release|Any CPU
		{B17ECB03-C4D9-4494-94B8-F5BCCF091337}.Release|Any CPU.Build.0 = Release|Any CPU
		{B17ECB03-C4D9-4494-94B8-F5BCCF091337}.Release|Any CPU.Deploy.0 = Release|Any CPU
		{B17ECB03-C4D9-4494-94B8-F5BCCF091337}.Release|iPhone.ActiveCfg = Release|Any CPU
		{B17ECB03-C4D9-4494-94B8-F5BCCF091337}.Release|iPhone.Build.0 = Release|Any CPU
		{B17ECB03-C4D9-4494-94B8-F5BCCF091337}.Release|iPhone.Deploy.0 = Release|Any CPU
		{B17ECB03-C4D9-4494-94B8-F5BCCF091337}.Release|iPhoneSimulator.ActiveCfg = Release|Any CPU
		{B17ECB03-C4D9-4494-94B8-F5BCCF091337}.Release|iPhoneSimulator.Build.0 = Release|Any CPU
		{B17ECB03-C4D9-4494-94B8-F5BCCF091337}.Release|iPhoneSimulator.Deploy.0 = Release|Any CPU
		{4F68F97F-8217-4964-946D-756A3E158BAA}.Ad-Hoc|Any CPU.ActiveCfg = Ad-Hoc|iPhone
		{4F68F97F-8217-4964-946D-756A3E158BAA}.Ad-Hoc|Any CPU.Build.0 = Ad-Hoc|iPhone
		{4F68F97F-8217-4964-946D-756A3E158BAA}.Ad-Hoc|Any CPU.Deploy.0 = Ad-Hoc|iPhone
		{4F68F97F-8217-4964-946D-756A3E158BAA}.Ad-Hoc|iPhone.ActiveCfg = Ad-Hoc|iPhone
		{4F68F97F-8217-4964-946D-756A3E158BAA}.Ad-Hoc|iPhone.Build.0 = Ad-Hoc|iPhone
		{4F68F97F-8217-4964-946D-756A3E158BAA}.Ad-Hoc|iPhone.Deploy.0 = Ad-Hoc|iPhone
		{4F68F97F-8217-4964-946D-756A3E158BAA}.Ad-Hoc|iPhoneSimulator.ActiveCfg = Ad-Hoc|iPhoneSimulator
		{4F68F97F-8217-4964-946D-756A3E158BAA}.Ad-Hoc|iPhoneSimulator.Build.0 = Ad-Hoc|iPhoneSimulator
		{4F68F97F-8217-4964-946D-756A3E158BAA}.Ad-Hoc|iPhoneSimulator.Deploy.0 = Ad-Hoc|iPhoneSimulator
		{4F68F97F-8217-4964-946D-756A3E158BAA}.AppStore|Any CPU.ActiveCfg = AppStore|iPhone
		{4F68F97F-8217-4964-946D-756A3E158BAA}.AppStore|Any CPU.Build.0 = AppStore|iPhone
		{4F68F97F-8217-4964-946D-756A3E158BAA}.AppStore|Any CPU.Deploy.0 = AppStore|iPhone
		{4F68F97F-8217-4964-946D-756A3E158BAA}.AppStore|iPhone.ActiveCfg = AppStore|iPhone
		{4F68F97F-8217-4964-946D-756A3E158BAA}.AppStore|iPhone.Build.0 = AppStore|iPhone
		{4F68F97F-8217-4964-946D-756A3E158BAA}.AppStore|iPhone.Deploy.0 = AppStore|iPhone
		{4F68F97F-8217-4964-946D-756A3E158BAA}.AppStore|iPhoneSimulator.ActiveCfg = AppStore|iPhoneSimulator
		{4F68F97F-8217-4964-946D-756A3E158BAA}.AppStore|iPhoneSimulator.Build.0 = AppStore|iPhoneSimulator
		{4F68F97F-8217-4964-946D-756A3E158BAA}.AppStore|iPhoneSimulator.Deploy.0 = AppStore|iPhoneSimulator
		{4F68F97F-8217-4964-946D-756A3E158BAA}.Debug|Any CPU.ActiveCfg = Debug|iPhoneSimulator
		{4F68F97F-8217-4964-946D-756A3E158BAA}.Debug|Any CPU.Build.0 = Debug|iPhoneSimulator
		{4F68F97F-8217-4964-946D-756A3E158BAA}.Debug|Any CPU.Deploy.0 = Debug|iPhoneSimulator
		{4F68F97F-8217-4964-946D-756A3E158BAA}.Debug|iPhone.ActiveCfg = Debug|iPhone
		{4F68F97F-8217-4964-946D-756A3E158BAA}.Debug|iPhone.Build.0 = Debug|iPhone
		{4F68F97F-8217-4964-946D-756A3E158BAA}.Debug|iPhone.Deploy.0 = Debug|iPhone
		{4F68F97F-8217-4964-946D-756A3E158BAA}.Debug|iPhoneSimulator.ActiveCfg = Debug|iPhoneSimulator
		{4F68F97F-8217-4964-946D-756A3E158BAA}.Debug|iPhoneSimulator.Build.0 = Debug|iPhoneSimulator
		{4F68F97F-8217-4964-946D-756A3E158BAA}.Debug|iPhoneSimulator.Deploy.0 = Debug|iPhoneSimulator
		{4F68F97F-8217-4964-946D-756A3E158BAA}.Release|Any CPU.ActiveCfg = Release|iPhone
		{4F68F97F-8217-4964-946D-756A3E158BAA}.Release|Any CPU.Build.0 = Release|iPhone
		{4F68F97F-8217-4964-946D-756A3E158BAA}.Release|Any CPU.Deploy.0 = Release|iPhone
		{4F68F97F-8217-4964-946D-756A3E158BAA}.Release|iPhone.ActiveCfg = Release|iPhone
		{4F68F97F-8217-4964-946D-756A3E158BAA}.Release|iPhone.Build.0 = Release|iPhone
		{4F68F97F-8217-4964-946D-756A3E158BAA}.Release|iPhone.Deploy.0 = Release|iPhone
		{4F68F97F-8217-4964-946D-756A3E158BAA}.Release|iPhoneSimulator.ActiveCfg = Release|iPhoneSimulator
		{4F68F97F-8217-4964-946D-756A3E158BAA}.Release|iPhoneSimulator.Build.0 = Release|iPhoneSimulator
		{4F68F97F-8217-4964-946D-756A3E158BAA}.Release|iPhoneSimulator.Deploy.0 = Release|iPhoneSimulator
		{001FE695-D1B5-4F58-87A9-6B7EE0BA1B3C}.Ad-Hoc|Any CPU.ActiveCfg = Debug|Any CPU
		{001FE695-D1B5-4F58-87A9-6B7EE0BA1B3C}.Ad-Hoc|Any CPU.Build.0 = Debug|Any CPU
		{001FE695-D1B5-4F58-87A9-6B7EE0BA1B3C}.Ad-Hoc|Any CPU.Deploy.0 = Debug|Any CPU
		{001FE695-D1B5-4F58-87A9-6B7EE0BA1B3C}.Ad-Hoc|iPhone.ActiveCfg = Debug|Any CPU
		{001FE695-D1B5-4F58-87A9-6B7EE0BA1B3C}.Ad-Hoc|iPhone.Build.0 = Debug|Any CPU
		{001FE695-D1B5-4F58-87A9-6B7EE0BA1B3C}.Ad-Hoc|iPhone.Deploy.0 = Debug|Any CPU
		{001FE695-D1B5-4F58-87A9-6B7EE0BA1B3C}.Ad-Hoc|iPhoneSimulator.ActiveCfg = Debug|Any CPU
		{001FE695-D1B5-4F58-87A9-6B7EE0BA1B3C}.Ad-Hoc|iPhoneSimulator.Build.0 = Debug|Any CPU
		{001FE695-D1B5-4F58-87A9-6B7EE0BA1B3C}.Ad-Hoc|iPhoneSimulator.Deploy.0 = Debug|Any CPU
		{001FE695-D1B5-4F58-87A9-6B7EE0BA1B3C}.AppStore|Any CPU.ActiveCfg = Debug|Any CPU
		{001FE695-D1B5-4F58-87A9-6B7EE0BA1B3C}.AppStore|Any CPU.Build.0 = Debug|Any CPU
		{001FE695-D1B5-4F58-87A9-6B7EE0BA1B3C}.AppStore|Any CPU.Deploy.0 = Debug|Any CPU
		{001FE695-D1B5-4F58-87A9-6B7EE0BA1B3C}.AppStore|iPhone.ActiveCfg = Debug|Any CPU
		{001FE695-D1B5-4F58-87A9-6B7EE0BA1B3C}.AppStore|iPhone.Build.0 = Debug|Any CPU
		{001FE695-D1B5-4F58-87A9-6B7EE0BA1B3C}.AppStore|iPhone.Deploy.0 = Debug|Any CPU
		{001FE695-D1B5-4F58-87A9-6B7EE0BA1B3C}.AppStore|iPhoneSimulator.ActiveCfg = Debug|Any CPU
		{001FE695-D1B5-4F58-87A9-6B7EE0BA1B3C}.AppStore|iPhoneSimulator.Build.0 = Debug|Any CPU
		{001FE695-D1B5-4F58-87A9-6B7EE0BA1B3C}.AppStore|iPhoneSimulator.Deploy.0 = Debug|Any CPU
		{001FE695-D1B5-4F58-87A9-6B7EE0BA1B3C}.Debug|Any CPU.ActiveCfg = Debug|Any CPU
		{001FE695-D1B5-4F58-87A9-6B7EE0BA1B3C}.Debug|Any CPU.Build.0 = Debug|Any CPU
		{001FE695-D1B5-4F58-87A9-6B7EE0BA1B3C}.Debug|Any CPU.Deploy.0 = Debug|Any CPU
		{001FE695-D1B5-4F58-87A9-6B7EE0BA1B3C}.Debug|iPhone.ActiveCfg = Debug|Any CPU
		{001FE695-D1B5-4F58-87A9-6B7EE0BA1B3C}.Debug|iPhone.Build.0 = Debug|Any CPU
		{001FE695-D1B5-4F58-87A9-6B7EE0BA1B3C}.Debug|iPhone.Deploy.0 = Debug|Any CPU
		{001FE695-D1B5-4F58-87A9-6B7EE0BA1B3C}.Debug|iPhoneSimulator.ActiveCfg = Debug|Any CPU
		{001FE695-D1B5-4F58-87A9-6B7EE0BA1B3C}.Debug|iPhoneSimulator.Build.0 = Debug|Any CPU
		{001FE695-D1B5-4F58-87A9-6B7EE0BA1B3C}.Debug|iPhoneSimulator.Deploy.0 = Debug|Any CPU
		{001FE695-D1B5-4F58-87A9-6B7EE0BA1B3C}.Release|Any CPU.ActiveCfg = Release|Any CPU
		{001FE695-D1B5-4F58-87A9-6B7EE0BA1B3C}.Release|Any CPU.Build.0 = Release|Any CPU
		{001FE695-D1B5-4F58-87A9-6B7EE0BA1B3C}.Release|Any CPU.Deploy.0 = Release|Any CPU
		{001FE695-D1B5-4F58-87A9-6B7EE0BA1B3C}.Release|iPhone.ActiveCfg = Release|Any CPU
		{001FE695-D1B5-4F58-87A9-6B7EE0BA1B3C}.Release|iPhone.Build.0 = Release|Any CPU
		{001FE695-D1B5-4F58-87A9-6B7EE0BA1B3C}.Release|iPhone.Deploy.0 = Release|Any CPU
		{001FE695-D1B5-4F58-87A9-6B7EE0BA1B3C}.Release|iPhoneSimulator.ActiveCfg = Release|Any CPU
		{001FE695-D1B5-4F58-87A9-6B7EE0BA1B3C}.Release|iPhoneSimulator.Build.0 = Release|Any CPU
		{001FE695-D1B5-4F58-87A9-6B7EE0BA1B3C}.Release|iPhoneSimulator.Deploy.0 = Release|Any CPU
	EndGlobalSection
	GlobalSection(SolutionProperties) = preSolution
		HideSolutionNode = FALSE
	EndGlobalSection
	GlobalSection(ExtensibilityGlobals) = postSolution
		SolutionGuid = {A7D87112-86C0-439D-81A4-C7C7D968E015}
	EndGlobalSection
EndGlobal
